// !$*UTF8*$!
{
	archiveVersion = 1;
	classes = {
	};
	objectVersion = 50;
	objects = {

/* Begin PBXBuildFile section */
		90302056221FFE7B00B2C608 /* AppDelegate.swift in Sources */ = {isa = PBXBuildFile; fileRef = 90302055221FFE7B00B2C608 /* AppDelegate.swift */; };
		90302058221FFE7B00B2C608 /* ViewController.swift in Sources */ = {isa = PBXBuildFile; fileRef = 90302057221FFE7B00B2C608 /* ViewController.swift */; };
		9030205E221FFE7B00B2C608 /* _02_ToDoList_CoreData.xcdatamodeld in Sources */ = {isa = PBXBuildFile; fileRef = 9030205C221FFE7B00B2C608 /* _02_ToDoList_CoreData.xcdatamodeld */; };
		90302060221FFE7C00B2C608 /* Assets.xcassets in Resources */ = {isa = PBXBuildFile; fileRef = 9030205F221FFE7C00B2C608 /* Assets.xcassets */; };
		90302063221FFE7C00B2C608 /* LaunchScreen.storyboard in Resources */ = {isa = PBXBuildFile; fileRef = 90302061221FFE7C00B2C608 /* LaunchScreen.storyboard */; };
		90302079221FFEF100B2C608 /* check.png in Resources */ = {isa = PBXBuildFile; fileRef = 9030206B221FFEF100B2C608 /* check.png */; };
		9030207A221FFEF100B2C608 /* checkbox@3x.png in Resources */ = {isa = PBXBuildFile; fileRef = 9030206C221FFEF100B2C608 /* checkbox@3x.png */; };
		9030207B221FFEF100B2C608 /* checkbox@2x.png in Resources */ = {isa = PBXBuildFile; fileRef = 9030206D221FFEF100B2C608 /* checkbox@2x.png */; };
		9030207C221FFEF100B2C608 /* more@3x.png in Resources */ = {isa = PBXBuildFile; fileRef = 9030206E221FFEF100B2C608 /* more@3x.png */; };
		9030207D221FFEF100B2C608 /* check@2x.png in Resources */ = {isa = PBXBuildFile; fileRef = 9030206F221FFEF100B2C608 /* check@2x.png */; };
		9030207E221FFEF100B2C608 /* check@3x.png in Resources */ = {isa = PBXBuildFile; fileRef = 90302070221FFEF100B2C608 /* check@3x.png */; };
		9030207F221FFEF100B2C608 /* more@2x.png in Resources */ = {isa = PBXBuildFile; fileRef = 90302071221FFEF100B2C608 /* more@2x.png */; };
		90302080221FFEF100B2C608 /* checkbox.png in Resources */ = {isa = PBXBuildFile; fileRef = 90302072221FFEF100B2C608 /* checkbox.png */; };
		90302081221FFEF100B2C608 /* more.png in Resources */ = {isa = PBXBuildFile; fileRef = 90302073221FFEF100B2C608 /* more.png */; };
		90302082221FFEF100B2C608 /* sound57.wav in Resources */ = {isa = PBXBuildFile; fileRef = 90302075221FFEF100B2C608 /* sound57.wav */; };
		90302083221FFEF100B2C608 /* bottle_pop_3.wav in Resources */ = {isa = PBXBuildFile; fileRef = 90302076221FFEF100B2C608 /* bottle_pop_3.wav */; };
		90302084221FFEF100B2C608 /* sound69.wav in Resources */ = {isa = PBXBuildFile; fileRef = 90302077221FFEF100B2C608 /* sound69.wav */; };
		90302085221FFEF100B2C608 /* cutting-paper-2.mp3 in Resources */ = {isa = PBXBuildFile; fileRef = 90302078221FFEF100B2C608 /* cutting-paper-2.mp3 */; };
		9030208822213A7900B2C608 /* Record+CoreDataClass.swift in Sources */ = {isa = PBXBuildFile; fileRef = 9030208622213A7900B2C608 /* Record+CoreDataClass.swift */; };
		9030208922213A7900B2C608 /* Record+CoreDataProperties.swift in Sources */ = {isa = PBXBuildFile; fileRef = 9030208722213A7900B2C608 /* Record+CoreDataProperties.swift */; };
		9030208B22213F3900B2C608 /* CoreDataManager.swift in Sources */ = {isa = PBXBuildFile; fileRef = 9030208A22213F3900B2C608 /* CoreDataManager.swift */; };
/* End PBXBuildFile section */

/* Begin PBXFileReference section */
		90302052221FFE7B00B2C608 /* 002_ToDoList_CoreData.app */ = {isa = PBXFileReference; explicitFileType = wrapper.application; includeInIndex = 0; path = 002_ToDoList_CoreData.app; sourceTree = BUILT_PRODUCTS_DIR; };
		90302055221FFE7B00B2C608 /* AppDelegate.swift */ = {isa = PBXFileReference; lastKnownFileType = sourcecode.swift; path = AppDelegate.swift; sourceTree = "<group>"; };
		90302057221FFE7B00B2C608 /* ViewController.swift */ = {isa = PBXFileReference; lastKnownFileType = sourcecode.swift; path = ViewController.swift; sourceTree = "<group>"; };
		9030205D221FFE7B00B2C608 /* _02_ToDoList_CoreData.xcdatamodel */ = {isa = PBXFileReference; lastKnownFileType = wrapper.xcdatamodel; path = _02_ToDoList_CoreData.xcdatamodel; sourceTree = "<group>"; };
		9030205F221FFE7C00B2C608 /* Assets.xcassets */ = {isa = PBXFileReference; lastKnownFileType = folder.assetcatalog; path = Assets.xcassets; sourceTree = "<group>"; };
		90302062221FFE7C00B2C608 /* Base */ = {isa = PBXFileReference; lastKnownFileType = file.storyboard; name = Base; path = Base.lproj/LaunchScreen.storyboard; sourceTree = "<group>"; };
		90302064221FFE7C00B2C608 /* Info.plist */ = {isa = PBXFileReference; lastKnownFileType = text.plist.xml; path = Info.plist; sourceTree = "<group>"; };
		9030206B221FFEF100B2C608 /* check.png */ = {isa = PBXFileReference; lastKnownFileType = image.png; path = check.png; sourceTree = "<group>"; };
		9030206C221FFEF100B2C608 /* checkbox@3x.png */ = {isa = PBXFileReference; lastKnownFileType = image.png; path = "checkbox@3x.png"; sourceTree = "<group>"; };
		9030206D221FFEF100B2C608 /* checkbox@2x.png */ = {isa = PBXFileReference; lastKnownFileType = image.png; path = "checkbox@2x.png"; sourceTree = "<group>"; };
		9030206E221FFEF100B2C608 /* more@3x.png */ = {isa = PBXFileReference; lastKnownFileType = image.png; path = "more@3x.png"; sourceTree = "<group>"; };
		9030206F221FFEF100B2C608 /* check@2x.png */ = {isa = PBXFileReference; lastKnownFileType = image.png; path = "check@2x.png"; sourceTree = "<group>"; };
		90302070221FFEF100B2C608 /* check@3x.png */ = {isa = PBXFileReference; lastKnownFileType = image.png; path = "check@3x.png"; sourceTree = "<group>"; };
		90302071221FFEF100B2C608 /* more@2x.png */ = {isa = PBXFileReference; lastKnownFileType = image.png; path = "more@2x.png"; sourceTree = "<group>"; };
		90302072221FFEF100B2C608 /* checkbox.png */ = {isa = PBXFileReference; lastKnownFileType = image.png; path = checkbox.png; sourceTree = "<group>"; };
		90302073221FFEF100B2C608 /* more.png */ = {isa = PBXFileReference; lastKnownFileType = image.png; path = more.png; sourceTree = "<group>"; };
		90302075221FFEF100B2C608 /* sound57.wav */ = {isa = PBXFileReference; lastKnownFileType = audio.wav; path = sound57.wav; sourceTree = "<group>"; };
		90302076221FFEF100B2C608 /* bottle_pop_3.wav */ = {isa = PBXFileReference; lastKnownFileType = audio.wav; path = bottle_pop_3.wav; sourceTree = "<group>"; };
		90302077221FFEF100B2C608 /* sound69.wav */ = {isa = PBXFileReference; lastKnownFileType = audio.wav; path = sound69.wav; sourceTree = "<group>"; };
		90302078221FFEF100B2C608 /* cutting-paper-2.mp3 */ = {isa = PBXFileReference; lastKnownFileType = audio.mp3; path = "cutting-paper-2.mp3"; sourceTree = "<group>"; };
		9030208622213A7900B2C608 /* Record+CoreDataClass.swift */ = {isa = PBXFileReference; lastKnownFileType = sourcecode.swift; path = "Record+CoreDataClass.swift"; sourceTree = "<group>"; };
		9030208722213A7900B2C608 /* Record+CoreDataProperties.swift */ = {isa = PBXFileReference; lastKnownFileType = sourcecode.swift; path = "Record+CoreDataProperties.swift"; sourceTree = "<group>"; };
		9030208A22213F3900B2C608 /* CoreDataManager.swift */ = {isa = PBXFileReference; lastKnownFileType = sourcecode.swift; name = CoreDataManager.swift; path = 002_ToDoList_CoreData/CoreDataManager.swift; sourceTree = SOURCE_ROOT; };
/* End PBXFileReference section */

/* Begin PBXFrameworksBuildPhase section */
		9030204F221FFE7B00B2C608 /* Frameworks */ = {
			isa = PBXFrameworksBuildPhase;
			buildActionMask = 2147483647;
			files = (
			);
			runOnlyForDeploymentPostprocessing = 0;
		};
/* End PBXFrameworksBuildPhase section */

/* Begin PBXGroup section */
		90302049221FFE7B00B2C608 = {
			isa = PBXGroup;
			children = (
				9030208622213A7900B2C608 /* Record+CoreDataClass.swift */,
				9030208722213A7900B2C608 /* Record+CoreDataProperties.swift */,
				90302054221FFE7B00B2C608 /* 002_ToDoList_CoreData */,
				90302053221FFE7B00B2C608 /* Products */,
			);
			sourceTree = "<group>";
		};
		90302053221FFE7B00B2C608 /* Products */ = {
			isa = PBXGroup;
			children = (
				90302052221FFE7B00B2C608 /* 002_ToDoList_CoreData.app */,
			);
			name = Products;
			sourceTree = "<group>";
		};
		90302054221FFE7B00B2C608 /* 002_ToDoList_CoreData */ = {
			isa = PBXGroup;
			children = (
				90302055221FFE7B00B2C608 /* AppDelegate.swift */,
				90302057221FFE7B00B2C608 /* ViewController.swift */,
				9030208A22213F3900B2C608 /* CoreDataManager.swift */,
				9030205F221FFE7C00B2C608 /* Assets.xcassets */,
				90302061221FFE7C00B2C608 /* LaunchScreen.storyboard */,
				90302064221FFE7C00B2C608 /* Info.plist */,
				9030205C221FFE7B00B2C608 /* _02_ToDoList_CoreData.xcdatamodeld */,
				9030206A221FFEF100B2C608 /* icons */,
				90302074221FFEF100B2C608 /* sounds */,
			);
			path = 002_ToDoList_CoreData;
			sourceTree = "<group>";
		};
		9030206A221FFEF100B2C608 /* icons */ = {
			isa = PBXGroup;
			children = (
				9030206B221FFEF100B2C608 /* check.png */,
				9030206C221FFEF100B2C608 /* checkbox@3x.png */,
				9030206D221FFEF100B2C608 /* checkbox@2x.png */,
				9030206E221FFEF100B2C608 /* more@3x.png */,
				9030206F221FFEF100B2C608 /* check@2x.png */,
				90302070221FFEF100B2C608 /* check@3x.png */,
				90302071221FFEF100B2C608 /* more@2x.png */,
				90302072221FFEF100B2C608 /* checkbox.png */,
				90302073221FFEF100B2C608 /* more.png */,
			);
			name = icons;
			path = ../../icons;
			sourceTree = "<group>";
		};
		90302074221FFEF100B2C608 /* sounds */ = {
			isa = PBXGroup;
			children = (
				90302075221FFEF100B2C608 /* sound57.wav */,
				90302076221FFEF100B2C608 /* bottle_pop_3.wav */,
				90302077221FFEF100B2C608 /* sound69.wav */,
				90302078221FFEF100B2C608 /* cutting-paper-2.mp3 */,
			);
			name = sounds;
			path = ../../sounds;
			sourceTree = "<group>";
		};
/* End PBXGroup section */

/* Begin PBXNativeTarget section */
		90302051221FFE7B00B2C608 /* 002_ToDoList_CoreData */ = {
			isa = PBXNativeTarget;
			buildConfigurationList = 90302067221FFE7C00B2C608 /* Build configuration list for PBXNativeTarget "002_ToDoList_CoreData" */;
			buildPhases = (
				9030204E221FFE7B00B2C608 /* Sources */,
				9030204F221FFE7B00B2C608 /* Frameworks */,
				90302050221FFE7B00B2C608 /* Resources */,
			);
			buildRules = (
			);
			dependencies = (
			);
			name = 002_ToDoList_CoreData;
			productName = 002_ToDoList_CoreData;
			productReference = 90302052221FFE7B00B2C608 /* 002_ToDoList_CoreData.app */;
			productType = "com.apple.product-type.application";
		};
/* End PBXNativeTarget section */

/* Begin PBXProject section */
		9030204A221FFE7B00B2C608 /* Project object */ = {
			isa = PBXProject;
			attributes = {
				LastSwiftUpdateCheck = 1010;
				LastUpgradeCheck = 1010;
				ORGANIZATIONNAME = com.mitake;
				TargetAttributes = {
					90302051221FFE7B00B2C608 = {
						CreatedOnToolsVersion = 10.1;
					};
				};
			};
			buildConfigurationList = 9030204D221FFE7B00B2C608 /* Build configuration list for PBXProject "002_ToDoList_CoreData" */;
			compatibilityVersion = "Xcode 9.3";
			developmentRegion = en;
			hasScannedForEncodings = 0;
			knownRegions = (
				en,
				Base,
			);
			mainGroup = 90302049221FFE7B00B2C608;
			productRefGroup = 90302053221FFE7B00B2C608 /* Products */;
			projectDirPath = "";
			projectRoot = "";
			targets = (
				90302051221FFE7B00B2C608 /* 002_ToDoList_CoreData */,
			);
		};
/* End PBXProject section */

/* Begin PBXResourcesBuildPhase section */
		90302050221FFE7B00B2C608 /* Resources */ = {
			isa = PBXResourcesBuildPhase;
			buildActionMask = 2147483647;
			files = (
				90302083221FFEF100B2C608 /* bottle_pop_3.wav in Resources */,
				90302080221FFEF100B2C608 /* checkbox.png in Resources */,
				9030207F221FFEF100B2C608 /* more@2x.png in Resources */,
				9030207E221FFEF100B2C608 /* check@3x.png in Resources */,
				9030207C221FFEF100B2C608 /* more@3x.png in Resources */,
				90302084221FFEF100B2C608 /* sound69.wav in Resources */,
				9030207A221FFEF100B2C608 /* checkbox@3x.png in Resources */,
				90302079221FFEF100B2C608 /* check.png in Resources */,
				90302081221FFEF100B2C608 /* more.png in Resources */,
				9030207B221FFEF100B2C608 /* checkbox@2x.png in Resources */,
				90302082221FFEF100B2C608 /* sound57.wav in Resources */,
				90302063221FFE7C00B2C608 /* LaunchScreen.storyboard in Resources */,
				90302060221FFE7C00B2C608 /* Assets.xcassets in Resources */,
				90302085221FFEF100B2C608 /* cutting-paper-2.mp3 in Resources */,
				9030207D221FFEF100B2C608 /* check@2x.png in Resources */,
			);
			runOnlyForDeploymentPostprocessing = 0;
		};
/* End PBXResourcesBuildPhase section */

/* Begin PBXSourcesBuildPhase section */
		9030204E221FFE7B00B2C608 /* Sources */ = {
			isa = PBXSourcesBuildPhase;
			buildActionMask = 2147483647;
			files = (
				9030208B22213F3900B2C608 /* CoreDataManager.swift in Sources */,
				9030208922213A7900B2C608 /* Record+CoreDataProperties.swift in Sources */,
				9030208822213A7900B2C608 /* Record+CoreDataClass.swift in Sources */,
				90302058221FFE7B00B2C608 /* ViewController.swift in Sources */,
				9030205E221FFE7B00B2C608 /* _02_ToDoList_CoreData.xcdatamodeld in Sources */,
				90302056221FFE7B00B2C608 /* AppDelegate.swift in Sources */,
			);
			runOnlyForDeploymentPostprocessing = 0;
		};
/* End PBXSourcesBuildPhase section */

/* Begin PBXVariantGroup section */
		90302061221FFE7C00B2C608 /* LaunchScreen.storyboard */ = {
			isa = PBXVariantGroup;
			children = (
				90302062221FFE7C00B2C608 /* Base */,
			);
			name = LaunchScreen.storyboard;
			sourceTree = "<group>";
		};
/* End PBXVariantGroup section */

/* Begin XCBuildConfiguration section */
		90302065221FFE7C00B2C608 /* Debug */ = {
			isa = XCBuildConfiguration;
			buildSettings = {
				ALWAYS_SEARCH_USER_PATHS = NO;
				CLANG_ANALYZER_NONNULL = YES;
				CLANG_ANALYZER_NUMBER_OBJECT_CONVERSION = YES_AGGRESSIVE;
				CLANG_CXX_LANGUAGE_STANDARD = "gnu++14";
				CLANG_CXX_LIBRARY = "libc++";
				CLANG_ENABLE_MODULES = YES;
				CLANG_ENABLE_OBJC_ARC = YES;
				CLANG_ENABLE_OBJC_WEAK = YES;
				CLANG_WARN_BLOCK_CAPTURE_AUTORELEASING = YES;
				CLANG_WARN_BOOL_CONVERSION = YES;
				CLANG_WARN_COMMA = YES;
				CLANG_WARN_CONSTANT_CONVERSION = YES;
				CLANG_WARN_DEPRECATED_OBJC_IMPLEMENTATIONS = YES;
				CLANG_WARN_DIRECT_OBJC_ISA_USAGE = YES_ERROR;
				CLANG_WARN_DOCUMENTATION_COMMENTS = YES;
				CLANG_WARN_EMPTY_BODY = YES;
				CLANG_WARN_ENUM_CONVERSION = YES;
				CLANG_WARN_INFINITE_RECURSION = YES;
				CLANG_WARN_INT_CONVERSION = YES;
				CLANG_WARN_NON_LITERAL_NULL_CONVERSION = YES;
				CLANG_WARN_OBJC_IMPLICIT_RETAIN_SELF = YES;
				CLANG_WARN_OBJC_LITERAL_CONVERSION = YES;
				CLANG_WARN_OBJC_ROOT_CLASS = YES_ERROR;
				CLANG_WARN_RANGE_LOOP_ANALYSIS = YES;
				CLANG_WARN_STRICT_PROTOTYPES = YES;
				CLANG_WARN_SUSPICIOUS_MOVE = YES;
				CLANG_WARN_UNGUARDED_AVAILABILITY = YES_AGGRESSIVE;
				CLANG_WARN_UNREACHABLE_CODE = YES;
				CLANG_WARN__DUPLICATE_METHOD_MATCH = YES;
				CODE_SIGN_IDENTITY = "iPhone Developer";
				COPY_PHASE_STRIP = NO;
				DEBUG_INFORMATION_FORMAT = dwarf;
				ENABLE_STRICT_OBJC_MSGSEND = YES;
				ENABLE_TESTABILITY = YES;
				GCC_C_LANGUAGE_STANDARD = gnu11;
				GCC_DYNAMIC_NO_PIC = NO;
				GCC_NO_COMMON_BLOCKS = YES;
				GCC_OPTIMIZATION_LEVEL = 0;
				GCC_PREPROCESSOR_DEFINITIONS = (
					"DEBUG=1",
					"$(inherited)",
				);
				GCC_WARN_64_TO_32_BIT_CONVERSION = YES;
				GCC_WARN_ABOUT_RETURN_TYPE = YES_ERROR;
				GCC_WARN_UNDECLARED_SELECTOR = YES;
				GCC_WARN_UNINITIALIZED_AUTOS = YES_AGGRESSIVE;
				GCC_WARN_UNUSED_FUNCTION = YES;
				GCC_WARN_UNUSED_VARIABLE = YES;
				IPHONEOS_DEPLOYMENT_TARGET = 12.1;
				MTL_ENABLE_DEBUG_INFO = INCLUDE_SOURCE;
				MTL_FAST_MATH = YES;
				ONLY_ACTIVE_ARCH = YES;
				SDKROOT = iphoneos;
				SWIFT_ACTIVE_COMPILATION_CONDITIONS = DEBUG;
				SWIFT_OPTIMIZATION_LEVEL = "-Onone";
			};
			name = Debug;
		};
		90302066221FFE7C00B2C608 /* Release */ = {
			isa = XCBuildConfiguration;
			buildSettings = {
				ALWAYS_SEARCH_USER_PATHS = NO;
				CLANG_ANALYZER_NONNULL = YES;
				CLANG_ANALYZER_NUMBER_OBJECT_CONVERSION = YES_AGGRESSIVE;
				CLANG_CXX_LANGUAGE_STANDARD = "gnu++14";
				CLANG_CXX_LIBRARY = "libc++";
				CLANG_ENABLE_MODULES = YES;
				CLANG_ENABLE_OBJC_ARC = YES;
				CLANG_ENABLE_OBJC_WEAK = YES;
				CLANG_WARN_BLOCK_CAPTURE_AUTORELEASING = YES;
				CLANG_WARN_BOOL_CONVERSION = YES;
				CLANG_WARN_COMMA = YES;
				CLANG_WARN_CONSTANT_CONVERSION = YES;
				CLANG_WARN_DEPRECATED_OBJC_IMPLEMENTATIONS = YES;
				CLANG_WARN_DIRECT_OBJC_ISA_USAGE = YES_ERROR;
				CLANG_WARN_DOCUMENTATION_COMMENTS = YES;
				CLANG_WARN_EMPTY_BODY = YES;
				CLANG_WARN_ENUM_CONVERSION = YES;
				CLANG_WARN_INFINITE_RECURSION = YES;
				CLANG_WARN_INT_CONVERSION = YES;
				CLANG_WARN_NON_LITERAL_NULL_CONVERSION = YES;
				CLANG_WARN_OBJC_IMPLICIT_RETAIN_SELF = YES;
				CLANG_WARN_OBJC_LITERAL_CONVERSION = YES;
				CLANG_WARN_OBJC_ROOT_CLASS = YES_ERROR;
				CLANG_WARN_RANGE_LOOP_ANALYSIS = YES;
				CLANG_WARN_STRICT_PROTOTYPES = YES;
				CLANG_WARN_SUSPICIOUS_MOVE = YES;
				CLANG_WARN_UNGUARDED_AVAILABILITY = YES_AGGRESSIVE;
				CLANG_WARN_UNREACHABLE_CODE = YES;
				CLANG_WARN__DUPLICATE_METHOD_MATCH = YES;
				CODE_SIGN_IDENTITY = "iPhone Developer";
				COPY_PHASE_STRIP = NO;
				DEBUG_INFORMATION_FORMAT = "dwarf-with-dsym";
				ENABLE_NS_ASSERTIONS = NO;
				ENABLE_STRICT_OBJC_MSGSEND = YES;
				GCC_C_LANGUAGE_STANDARD = gnu11;
				GCC_NO_COMMON_BLOCKS = YES;
				GCC_WARN_64_TO_32_BIT_CONVERSION = YES;
				GCC_WARN_ABOUT_RETURN_TYPE = YES_ERROR;
				GCC_WARN_UNDECLARED_SELECTOR = YES;
				GCC_WARN_UNINITIALIZED_AUTOS = YES_AGGRESSIVE;
				GCC_WARN_UNUSED_FUNCTION = YES;
				GCC_WARN_UNUSED_VARIABLE = YES;
				IPHONEOS_DEPLOYMENT_TARGET = 12.1;
				MTL_ENABLE_DEBUG_INFO = NO;
				MTL_FAST_MATH = YES;
				SDKROOT = iphoneos;
				SWIFT_COMPILATION_MODE = wholemodule;
				SWIFT_OPTIMIZATION_LEVEL = "-O";
				VALIDATE_PRODUCT = YES;
			};
			name = Release;
		};
		90302068221FFE7C00B2C608 /* Debug */ = {
			isa = XCBuildConfiguration;
			buildSettings = {
				ASSETCATALOG_COMPILER_APPICON_NAME = AppIcon;
				CODE_SIGN_STYLE = Automatic;
				DEVELOPMENT_TEAM = LR499G2396;
				INFOPLIST_FILE = 002_ToDoList_CoreData/Info.plist;
				IPHONEOS_DEPLOYMENT_TARGET = 10.0;
				LD_RUNPATH_SEARCH_PATHS = (
					"$(inherited)",
					"@executable_path/Frameworks",
				);
				PRODUCT_BUNDLE_IDENTIFIER = "com.mitake.-02-ToDoList-CoreData";
				PRODUCT_NAME = "$(TARGET_NAME)";
				SWIFT_VERSION = 4.2;
				TARGETED_DEVICE_FAMILY = "1,2";
			};
			name = Debug;
		};
		90302069221FFE7C00B2C608 /* Release */ = {
			isa = XCBuildConfiguration;
			buildSettings = {
				ASSETCATALOG_COMPILER_APPICON_NAME = AppIcon;
				CODE_SIGN_STYLE = Automatic;
				DEVELOPMENT_TEAM = LR499G2396;
				INFOPLIST_FILE = 002_ToDoList_CoreData/Info.plist;
				IPHONEOS_DEPLOYMENT_TARGET = 10.0;
				LD_RUNPATH_SEARCH_PATHS = (
					"$(inherited)",
					"@executable_path/Frameworks",
				);
				PRODUCT_BUNDLE_IDENTIFIER = "com.mitake.-02-ToDoList-CoreData";
				PRODUCT_NAME = "$(TARGET_NAME)";
				SWIFT_VERSION = 4.2;
				TARGETED_DEVICE_FAMILY = "1,2";
			};
			name = Release;
		};
/* End XCBuildConfiguration section */

/* Begin XCConfigurationList section */
		9030204D221FFE7B00B2C608 /* Build configuration list for PBXProject "002_ToDoList_CoreData" */ = {
			isa = XCConfigurationList;
			buildConfigurations = (
				90302065221FFE7C00B2C608 /* Debug */,
				90302066221FFE7C00B2C608 /* Release */,
			);
			defaultConfigurationIsVisible = 0;
			defaultConfigurationName = Release;
		};
		90302067221FFE7C00B2C608 /* Build configuration list for PBXNativeTarget "002_ToDoList_CoreData" */ = {
			isa = XCConfigurationList;
			buildConfigurations = (
				90302068221FFE7C00B2C608 /* Debug */,
				90302069221FFE7C00B2C608 /* Release */,
			);
			defaultConfigurationIsVisible = 0;
			defaultConfigurationName = Release;
		};
/* End XCConfigurationList section */

/* Begin XCVersionGroup section */
		9030205C221FFE7B00B2C608 /* _02_ToDoList_CoreData.xcdatamodeld */ = {
			isa = XCVersionGroup;
			children = (
				9030205D221FFE7B00B2C608 /* _02_ToDoList_CoreData.xcdatamodel */,
			);
			currentVersion = 9030205D221FFE7B00B2C608 /* _02_ToDoList_CoreData.xcdatamodel */;
			path = _02_ToDoList_CoreData.xcdatamodeld;
			sourceTree = "<group>";
			versionGroupType = wrapper.xcdatamodel;
		};
/* End XCVersionGroup section */
	};
	rootObject = 9030204A221FFE7B00B2C608 /* Project object */;
}
